
Microsoft Visual Studio Solution File, Format Version 12.00
# Visual Studio Version 16
VisualStudioVersion = 16.0.30804.86
MinimumVisualStudioVersion = 10.0.40219.1
Project("{FAE04EC0-301F-11D3-BF4B-00C04F79EFBC}") = "CoreTunerX", "CoreTunerX\CoreTunerX.csproj", "{72CCE36B-47DB-48D3-BC3D-89482733B89A}"
EndProject
Global
	GlobalSection(SolutionConfigurationPlatforms) = preSolution
		Debug|Any CPU = Debug|Any CPU
		Release|Any CPU = Release|Any CPU
	EndGlobalSection
	GlobalSection(ProjectConfigurationPlatforms) = postSolution
		{72CCE36B-47DB-48D3-BC3D-89482733B89A}.Debug|Any CPU.ActiveCfg = Debug|Any CPU
		{72CCE36B-47DB-48D3-BC3D-89482733B89A}.Debug|Any CPU.Build.0 = Debug|Any CPU
		{72CCE36B-47DB-48D3-BC3D-89482733B89A}.Release|Any CPU.ActiveCfg = Release|Any CPU
		{72CCE36B-47DB-48D3-BC3D-89482733B89A}.Release|Any CPU.Build.0 = Release|Any CPU
	EndGlobalSection
	GlobalSection(SolutionProperties) = preSolution
		HideSolutionNode = FALSE
	EndGlobalSection
	GlobalSection(ExtensibilityGlobals) = postSolution
		SolutionGuid = {DAC785BC-7897-408F-9B75-DB75DE85CA20}
	EndGlobalSection
EndGlobal
